
Microsoft Visual Studio Solution File, Format Version 12.00
# Visual Studio 14
VisualStudioVersion = 14.0.25420.1
MinimumVisualStudioVersion = 10.0.40219.1
Project("{FAE04EC0-301F-11D3-BF4B-00C04F79EFBC}") = "CentroOdontologicoMVC", "CentroOdontologicoMVC\CentroOdontologicoMVC.csproj", "{C1F7F40C-9808-4E92-A138-48CFD77B9F76}"
EndProject
Project("{2150E333-8FDC-42A3-9474-1A3956D46DE8}") = "01 Datos", "01 Datos", "{0D571AF9-416A-4F8F-8BA3-31FAAF947702}"
EndProject
Project("{2150E333-8FDC-42A3-9474-1A3956D46DE8}") = "02 Logica Negocio", "02 Logica Negocio", "{F56CE5E5-B91D-4413-9310-C23EAEE75BDB}"
EndProject
Project("{2150E333-8FDC-42A3-9474-1A3956D46DE8}") = "03 Servicio", "03 Servicio", "{E3AA52DD-91AA-4570-939F-6E228A5C87EA}"
EndProject
Project("{2150E333-8FDC-42A3-9474-1A3956D46DE8}") = "04 Presentacion", "04 Presentacion", "{FDB093F9-E3BD-4D79-A087-A121D9520351}"
EndProject
Project("{FAE04EC0-301F-11D3-BF4B-00C04F79EFBC}") = "GCO.Datos", "GCO.Datos\GCO.Datos.csproj", "{4B833AE6-B4C1-4E9C-AD58-E80ECD0CC79F}"
EndProject
Project("{FAE04EC0-301F-11D3-BF4B-00C04F79EFBC}") = "GCO.Negocio", "GCO.Negocio\GCO.Negocio.csproj", "{4A5C3B6D-6B9E-4457-8152-E28C1915DFC4}"
EndProject
Project("{FAE04EC0-301F-11D3-BF4B-00C04F79EFBC}") = "GCO.WebApi", "GCO.WebApi\GCO.WebApi.csproj", "{65EF7635-F2F7-4A14-8181-2BC9359D0888}"
EndProject
Global
	GlobalSection(SolutionConfigurationPlatforms) = preSolution
		Debug|Any CPU = Debug|Any CPU
		Release|Any CPU = Release|Any CPU
	EndGlobalSection
	GlobalSection(ProjectConfigurationPlatforms) = postSolution
		{C1F7F40C-9808-4E92-A138-48CFD77B9F76}.Debug|Any CPU.ActiveCfg = Debug|Any CPU
		{C1F7F40C-9808-4E92-A138-48CFD77B9F76}.Debug|Any CPU.Build.0 = Debug|Any CPU
		{C1F7F40C-9808-4E92-A138-48CFD77B9F76}.Release|Any CPU.ActiveCfg = Release|Any CPU
		{C1F7F40C-9808-4E92-A138-48CFD77B9F76}.Release|Any CPU.Build.0 = Release|Any CPU
		{4B833AE6-B4C1-4E9C-AD58-E80ECD0CC79F}.Debug|Any CPU.ActiveCfg = Debug|Any CPU
		{4B833AE6-B4C1-4E9C-AD58-E80ECD0CC79F}.Debug|Any CPU.Build.0 = Debug|Any CPU
		{4B833AE6-B4C1-4E9C-AD58-E80ECD0CC79F}.Release|Any CPU.ActiveCfg = Release|Any CPU
		{4B833AE6-B4C1-4E9C-AD58-E80ECD0CC79F}.Release|Any CPU.Build.0 = Release|Any CPU
		{4A5C3B6D-6B9E-4457-8152-E28C1915DFC4}.Debug|Any CPU.ActiveCfg = Debug|Any CPU
		{4A5C3B6D-6B9E-4457-8152-E28C1915DFC4}.Debug|Any CPU.Build.0 = Debug|Any CPU
		{4A5C3B6D-6B9E-4457-8152-E28C1915DFC4}.Release|Any CPU.ActiveCfg = Release|Any CPU
		{4A5C3B6D-6B9E-4457-8152-E28C1915DFC4}.Release|Any CPU.Build.0 = Release|Any CPU
		{65EF7635-F2F7-4A14-8181-2BC9359D0888}.Debug|Any CPU.ActiveCfg = Debug|Any CPU
		{65EF7635-F2F7-4A14-8181-2BC9359D0888}.Debug|Any CPU.Build.0 = Debug|Any CPU
		{65EF7635-F2F7-4A14-8181-2BC9359D0888}.Release|Any CPU.ActiveCfg = Release|Any CPU
		{65EF7635-F2F7-4A14-8181-2BC9359D0888}.Release|Any CPU.Build.0 = Release|Any CPU
	EndGlobalSection
	GlobalSection(SolutionProperties) = preSolution
		HideSolutionNode = FALSE
	EndGlobalSection
	GlobalSection(NestedProjects) = preSolution
		{C1F7F40C-9808-4E92-A138-48CFD77B9F76} = {FDB093F9-E3BD-4D79-A087-A121D9520351}
		{4B833AE6-B4C1-4E9C-AD58-E80ECD0CC79F} = {0D571AF9-416A-4F8F-8BA3-31FAAF947702}
		{4A5C3B6D-6B9E-4457-8152-E28C1915DFC4} = {F56CE5E5-B91D-4413-9310-C23EAEE75BDB}
		{65EF7635-F2F7-4A14-8181-2BC9359D0888} = {E3AA52DD-91AA-4570-939F-6E228A5C87EA}
	EndGlobalSection
EndGlobal
